// !$*UTF8*$!
{
	archiveVersion = 1;
	classes = {
	};
	objectVersion = 50;
	objects = {

/* Begin PBXBuildFile section */
		5151E86C26826C8A001290EB /* AppDelegate.m in Sources */ = {isa = PBXBuildFile; fileRef = 5151E86B26826C8A001290EB /* AppDelegate.m */; };
		5151E86F26826C8A001290EB /* SceneDelegate.m in Sources */ = {isa = PBXBuildFile; fileRef = 5151E86E26826C8A001290EB /* SceneDelegate.m */; };
		5151E87226826C8A001290EB /* ViewController.m in Sources */ = {isa = PBXBuildFile; fileRef = 5151E87126826C8A001290EB /* ViewController.m */; };
		5151E87526826C8A001290EB /* Main.storyboard in Resources */ = {isa = PBXBuildFile; fileRef = 5151E87326826C8A001290EB /* Main.storyboard */; };
		5151E87726826C8C001290EB /* Assets.xcassets in Resources */ = {isa = PBXBuildFile; fileRef = 5151E87626826C8C001290EB /* Assets.xcassets */; };
		5151E87A26826C8C001290EB /* LaunchScreen.storyboard in Resources */ = {isa = PBXBuildFile; fileRef = 5151E87826826C8C001290EB /* LaunchScreen.storyboard */; };
		5151E87D26826C8C001290EB /* main.m in Sources */ = {isa = PBXBuildFile; fileRef = 5151E87C26826C8C001290EB /* main.m */; };
		5151E88726826C8C001290EB /* TippyTests.m in Sources */ = {isa = PBXBuildFile; fileRef = 5151E88626826C8C001290EB /* TippyTests.m */; };
		5151E89226826C8C001290EB /* TippyUITests.m in Sources */ = {isa = PBXBuildFile; fileRef = 5151E89126826C8C001290EB /* TippyUITests.m */; };
/* End PBXBuildFile section */

/* Begin PBXContainerItemProxy section */
		5151E88326826C8C001290EB /* PBXContainerItemProxy */ = {
			isa = PBXContainerItemProxy;
			containerPortal = 5151E85F26826C8A001290EB /* Project object */;
			proxyType = 1;
			remoteGlobalIDString = 5151E86626826C8A001290EB;
			remoteInfo = Tippy;
		};
		5151E88E26826C8C001290EB /* PBXContainerItemProxy */ = {
			isa = PBXContainerItemProxy;
			containerPortal = 5151E85F26826C8A001290EB /* Project object */;
			proxyType = 1;
			remoteGlobalIDString = 5151E86626826C8A001290EB;
			remoteInfo = Tippy;
		};
/* End PBXContainerItemProxy section */

/* Begin PBXFileReference section */
		5151E86726826C8A001290EB /* Tippy.app */ = {isa = PBXFileReference; explicitFileType = wrapper.application; includeInIndex = 0; path = Tippy.app; sourceTree = BUILT_PRODUCTS_DIR; };
		5151E86A26826C8A001290EB /* AppDelegate.h */ = {isa = PBXFileReference; lastKnownFileType = sourcecode.c.h; path = AppDelegate.h; sourceTree = "<group>"; };
		5151E86B26826C8A001290EB /* AppDelegate.m */ = {isa = PBXFileReference; lastKnownFileType = sourcecode.c.objc; path = AppDelegate.m; sourceTree = "<group>"; };
		5151E86D26826C8A001290EB /* SceneDelegate.h */ = {isa = PBXFileReference; lastKnownFileType = sourcecode.c.h; path = SceneDelegate.h; sourceTree = "<group>"; };
		5151E86E26826C8A001290EB /* SceneDelegate.m */ = {isa = PBXFileReference; lastKnownFileType = sourcecode.c.objc; path = SceneDelegate.m; sourceTree = "<group>"; };
		5151E87026826C8A001290EB /* ViewController.h */ = {isa = PBXFileReference; lastKnownFileType = sourcecode.c.h; path = ViewController.h; sourceTree = "<group>"; };
		5151E87126826C8A001290EB /* ViewController.m */ = {isa = PBXFileReference; lastKnownFileType = sourcecode.c.objc; path = ViewController.m; sourceTree = "<group>"; };
		5151E87426826C8A001290EB /* Base */ = {isa = PBXFileReference; lastKnownFileType = file.storyboard; name = Base; path = Base.lproj/Main.storyboard; sourceTree = "<group>"; };
		5151E87626826C8C001290EB /* Assets.xcassets */ = {isa = PBXFileReference; lastKnownFileType = folder.assetcatalog; path = Assets.xcassets; sourceTree = "<group>"; };
		5151E87926826C8C001290EB /* Base */ = {isa = PBXFileReference; lastKnownFileType = file.storyboard; name = Base; path = Base.lproj/LaunchScreen.storyboard; sourceTree = "<group>"; };
		5151E87B26826C8C001290EB /* Info.plist */ = {isa = PBXFileReference; lastKnownFileType = text.plist.xml; path = Info.plist; sourceTree = "<group>"; };
		5151E87C26826C8C001290EB /* main.m */ = {isa = PBXFileReference; lastKnownFileType = sourcecode.c.objc; path = main.m; sourceTree = "<group>"; };
		5151E88226826C8C001290EB /* TippyTests.xctest */ = {isa = PBXFileReference; explicitFileType = wrapper.cfbundle; includeInIndex = 0; path = TippyTests.xctest; sourceTree = BUILT_PRODUCTS_DIR; };
		5151E88626826C8C001290EB /* TippyTests.m */ = {isa = PBXFileReference; lastKnownFileType = sourcecode.c.objc; path = TippyTests.m; sourceTree = "<group>"; };
		5151E88826826C8C001290EB /* Info.plist */ = {isa = PBXFileReference; lastKnownFileType = text.plist.xml; path = Info.plist; sourceTree = "<group>"; };
		5151E88D26826C8C001290EB /* TippyUITests.xctest */ = {isa = PBXFileReference; explicitFileType = wrapper.cfbundle; includeInIndex = 0; path = TippyUITests.xctest; sourceTree = BUILT_PRODUCTS_DIR; };
		5151E89126826C8C001290EB /* TippyUITests.m */ = {isa = PBXFileReference; lastKnownFileType = sourcecode.c.objc; path = TippyUITests.m; sourceTree = "<group>"; };
		5151E89326826C8C001290EB /* Info.plist */ = {isa = PBXFileReference; lastKnownFileType = text.plist.xml; path = Info.plist; sourceTree = "<group>"; };
/* End PBXFileReference section */

/* Begin PBXFrameworksBuildPhase section */
		5151E86426826C8A001290EB /* Frameworks */ = {
			isa = PBXFrameworksBuildPhase;
			buildActionMask = 2147483647;
			files = (
			);
			runOnlyForDeploymentPostprocessing = 0;
		};
		5151E87F26826C8C001290EB /* Frameworks */ = {
			isa = PBXFrameworksBuildPhase;
			buildActionMask = 2147483647;
			files = (
			);
			runOnlyForDeploymentPostprocessing = 0;
		};
		5151E88A26826C8C001290EB /* Frameworks */ = {
			isa = PBXFrameworksBuildPhase;
			buildActionMask = 2147483647;
			files = (
			);
			runOnlyForDeploymentPostprocessing = 0;
		};
/* End PBXFrameworksBuildPhase section */

/* Begin PBXGroup section */
		5151E85E26826C8A001290EB = {
			isa = PBXGroup;
			children = (
				5151E86926826C8A001290EB /* Tippy */,
				5151E88526826C8C001290EB /* TippyTests */,
				5151E89026826C8C001290EB /* TippyUITests */,
				5151E86826826C8A001290EB /* Products */,
			);
			sourceTree = "<group>";
		};
		5151E86826826C8A001290EB /* Products */ = {
			isa = PBXGroup;
			children = (
				5151E86726826C8A001290EB /* Tippy.app */,
				5151E88226826C8C001290EB /* TippyTests.xctest */,
				5151E88D26826C8C001290EB /* TippyUITests.xctest */,
			);
			name = Products;
			sourceTree = "<group>";
		};
		5151E86926826C8A001290EB /* Tippy */ = {
			isa = PBXGroup;
			children = (
				5151E86A26826C8A001290EB /* AppDelegate.h */,
				5151E86B26826C8A001290EB /* AppDelegate.m */,
				5151E86D26826C8A001290EB /* SceneDelegate.h */,
				5151E86E26826C8A001290EB /* SceneDelegate.m */,
				5151E87026826C8A001290EB /* ViewController.h */,
				5151E87126826C8A001290EB /* ViewController.m */,
				5151E87326826C8A001290EB /* Main.storyboard */,
				5151E87626826C8C001290EB /* Assets.xcassets */,
				5151E87826826C8C001290EB /* LaunchScreen.storyboard */,
				5151E87B26826C8C001290EB /* Info.plist */,
				5151E87C26826C8C001290EB /* main.m */,
			);
			path = Tippy;
			sourceTree = "<group>";
		};
		5151E88526826C8C001290EB /* TippyTests */ = {
			isa = PBXGroup;
			children = (
				5151E88626826C8C001290EB /* TippyTests.m */,
				5151E88826826C8C001290EB /* Info.plist */,
			);
			path = TippyTests;
			sourceTree = "<group>";
		};
		5151E89026826C8C001290EB /* TippyUITests */ = {
			isa = PBXGroup;
			children = (
				5151E89126826C8C001290EB /* TippyUITests.m */,
				5151E89326826C8C001290EB /* Info.plist */,
			);
			path = TippyUITests;
			sourceTree = "<group>";
		};
/* End PBXGroup section */

/* Begin PBXNativeTarget section */
		5151E86626826C8A001290EB /* Tippy */ = {
			isa = PBXNativeTarget;
			buildConfigurationList = 5151E89626826C8C001290EB /* Build configuration list for PBXNativeTarget "Tippy" */;
			buildPhases = (
				5151E86326826C8A001290EB /* Sources */,
				5151E86426826C8A001290EB /* Frameworks */,
				5151E86526826C8A001290EB /* Resources */,
			);
			buildRules = (
			);
			dependencies = (
			);
			name = Tippy;
			productName = Tippy;
			productReference = 5151E86726826C8A001290EB /* Tippy.app */;
			productType = "com.apple.product-type.application";
		};
		5151E88126826C8C001290EB /* TippyTests */ = {
			isa = PBXNativeTarget;
			buildConfigurationList = 5151E89926826C8C001290EB /* Build configuration list for PBXNativeTarget "TippyTests" */;
			buildPhases = (
				5151E87E26826C8C001290EB /* Sources */,
				5151E87F26826C8C001290EB /* Frameworks */,
				5151E88026826C8C001290EB /* Resources */,
			);
			buildRules = (
			);
			dependencies = (
				5151E88426826C8C001290EB /* PBXTargetDependency */,
			);
			name = TippyTests;
			productName = TippyTests;
			productReference = 5151E88226826C8C001290EB /* TippyTests.xctest */;
			productType = "com.apple.product-type.bundle.unit-test";
		};
		5151E88C26826C8C001290EB /* TippyUITests */ = {
			isa = PBXNativeTarget;
			buildConfigurationList = 5151E89C26826C8C001290EB /* Build configuration list for PBXNativeTarget "TippyUITests" */;
			buildPhases = (
				5151E88926826C8C001290EB /* Sources */,
				5151E88A26826C8C001290EB /* Frameworks */,
				5151E88B26826C8C001290EB /* Resources */,
			);
			buildRules = (
			);
			dependencies = (
				5151E88F26826C8C001290EB /* PBXTargetDependency */,
			);
			name = TippyUITests;
			productName = TippyUITests;
			productReference = 5151E88D26826C8C001290EB /* TippyUITests.xctest */;
			productType = "com.apple.product-type.bundle.ui-testing";
		};
/* End PBXNativeTarget section */

/* Begin PBXProject section */
		5151E85F26826C8A001290EB /* Project object */ = {
			isa = PBXProject;
			attributes = {
				LastUpgradeCheck = 1250;
				TargetAttributes = {
					5151E86626826C8A001290EB = {
						CreatedOnToolsVersion = 12.5.1;
					};
					5151E88126826C8C001290EB = {
						CreatedOnToolsVersion = 12.5.1;
						TestTargetID = 5151E86626826C8A001290EB;
					};
					5151E88C26826C8C001290EB = {
						CreatedOnToolsVersion = 12.5.1;
						TestTargetID = 5151E86626826C8A001290EB;
					};
				};
			};
			buildConfigurationList = 5151E86226826C8A001290EB /* Build configuration list for PBXProject "Tippy" */;
			compatibilityVersion = "Xcode 9.3";
			developmentRegion = en;
			hasScannedForEncodings = 0;
			knownRegions = (
				en,
				Base,
			);
			mainGroup = 5151E85E26826C8A001290EB;
			productRefGroup = 5151E86826826C8A001290EB /* Products */;
			projectDirPath = "";
			projectRoot = "";
			targets = (
				5151E86626826C8A001290EB /* Tippy */,
				5151E88126826C8C001290EB /* TippyTests */,
				5151E88C26826C8C001290EB /* TippyUITests */,
			);
		};
/* End PBXProject section */

/* Begin PBXResourcesBuildPhase section */
		5151E86526826C8A001290EB /* Resources */ = {
			isa = PBXResourcesBuildPhase;
			buildActionMask = 2147483647;
			files = (
				5151E87A26826C8C001290EB /* LaunchScreen.storyboard in Resources */,
				5151E87726826C8C001290EB /* Assets.xcassets in Resources */,
				5151E87526826C8A001290EB /* Main.storyboard in Resources */,
			);
			runOnlyForDeploymentPostprocessing = 0;
		};
		5151E88026826C8C001290EB /* Resources */ = {
			isa = PBXResourcesBuildPhase;
			buildActionMask = 2147483647;
			files = (
			);
			runOnlyForDeploymentPostprocessing = 0;
		};
		5151E88B26826C8C001290EB /* Resources */ = {
			isa = PBXResourcesBuildPhase;
			buildActionMask = 2147483647;
			files = (
			);
			runOnlyForDeploymentPostprocessing = 0;
		};
/* End PBXResourcesBuildPhase section */

/* Begin PBXSourcesBuildPhase section */
		5151E86326826C8A001290EB /* Sources */ = {
			isa = PBXSourcesBuildPhase;
			buildActionMask = 2147483647;
			files = (
				5151E87226826C8A001290EB /* ViewController.m in Sources */,
				5151E86C26826C8A001290EB /* AppDelegate.m in Sources */,
				5151E87D26826C8C001290EB /* main.m in Sources */,
				5151E86F26826C8A001290EB /* SceneDelegate.m in Sources */,
			);
			runOnlyForDeploymentPostprocessing = 0;
		};
		5151E87E26826C8C001290EB /* Sources */ = {
			isa = PBXSourcesBuildPhase;
			buildActionMask = 2147483647;
			files = (
				5151E88726826C8C001290EB /* TippyTests.m in Sources */,
			);
			runOnlyForDeploymentPostprocessing = 0;
		};
		5151E88926826C8C001290EB /* Sources */ = {
			isa = PBXSourcesBuildPhase;
			buildActionMask = 2147483647;
			files = (
				5151E89226826C8C001290EB /* TippyUITests.m in Sources */,
			);
			runOnlyForDeploymentPostprocessing = 0;
		};
/* End PBXSourcesBuildPhase section */

/* Begin PBXTargetDependency section */
		5151E88426826C8C001290EB /* PBXTargetDependency */ = {
			isa = PBXTargetDependency;
			target = 5151E86626826C8A001290EB /* Tippy */;
			targetProxy = 5151E88326826C8C001290EB /* PBXContainerItemProxy */;
		};
		5151E88F26826C8C001290EB /* PBXTargetDependency */ = {
			isa = PBXTargetDependency;
			target = 5151E86626826C8A001290EB /* Tippy */;
			targetProxy = 5151E88E26826C8C001290EB /* PBXContainerItemProxy */;
		};
/* End PBXTargetDependency section */

/* Begin PBXVariantGroup section */
		5151E87326826C8A001290EB /* Main.storyboard */ = {
			isa = PBXVariantGroup;
			children = (
				5151E87426826C8A001290EB /* Base */,
			);
			name = Main.storyboard;
			sourceTree = "<group>";
		};
		5151E87826826C8C001290EB /* LaunchScreen.storyboard */ = {
			isa = PBXVariantGroup;
			children = (
				5151E87926826C8C001290EB /* Base */,
			);
			name = LaunchScreen.storyboard;
			sourceTree = "<group>";
		};
/* End PBXVariantGroup section */

/* Begin XCBuildConfiguration section */
		5151E89426826C8C001290EB /* Debug */ = {
			isa = XCBuildConfiguration;
			buildSettings = {
				ALWAYS_SEARCH_USER_PATHS = NO;
				CLANG_ANALYZER_NONNULL = YES;
				CLANG_ANALYZER_NUMBER_OBJECT_CONVERSION = YES_AGGRESSIVE;
				CLANG_CXX_LANGUAGE_STANDARD = "gnu++14";
				CLANG_CXX_LIBRARY = "libc++";
				CLANG_ENABLE_MODULES = YES;
				CLANG_ENABLE_OBJC_ARC = YES;
				CLANG_ENABLE_OBJC_WEAK = YES;
				CLANG_WARN_BLOCK_CAPTURE_AUTORELEASING = YES;
				CLANG_WARN_BOOL_CONVERSION = YES;
				CLANG_WARN_COMMA = YES;
				CLANG_WARN_CONSTANT_CONVERSION = YES;
				CLANG_WARN_DEPRECATED_OBJC_IMPLEMENTATIONS = YES;
				CLANG_WARN_DIRECT_OBJC_ISA_USAGE = YES_ERROR;
				CLANG_WARN_DOCUMENTATION_COMMENTS = YES;
				CLANG_WARN_EMPTY_BODY = YES;
				CLANG_WARN_ENUM_CONVERSION = YES;
				CLANG_WARN_INFINITE_RECURSION = YES;
				CLANG_WARN_INT_CONVERSION = YES;
				CLANG_WARN_NON_LITERAL_NULL_CONVERSION = YES;
				CLANG_WARN_OBJC_IMPLICIT_RETAIN_SELF = YES;
				CLANG_WARN_OBJC_LITERAL_CONVERSION = YES;
				CLANG_WARN_OBJC_ROOT_CLASS = YES_ERROR;
				CLANG_WARN_QUOTED_INCLUDE_IN_FRAMEWORK_HEADER = YES;
				CLANG_WARN_RANGE_LOOP_ANALYSIS = YES;
				CLANG_WARN_STRICT_PROTOTYPES = YES;
				CLANG_WARN_SUSPICIOUS_MOVE = YES;
				CLANG_WARN_UNGUARDED_AVAILABILITY = YES_AGGRESSIVE;
				CLANG_WARN_UNREACHABLE_CODE = YES;
				CLANG_WARN__DUPLICATE_METHOD_MATCH = YES;
				COPY_PHASE_STRIP = NO;
				DEBUG_INFORMATION_FORMAT = dwarf;
				ENABLE_STRICT_OBJC_MSGSEND = YES;
				ENABLE_TESTABILITY = YES;
				GCC_C_LANGUAGE_STANDARD = gnu11;
				GCC_DYNAMIC_NO_PIC = NO;
				GCC_NO_COMMON_BLOCKS = YES;
				GCC_OPTIMIZATION_LEVEL = 0;
				GCC_PREPROCESSOR_DEFINITIONS = (
					"DEBUG=1",
					"$(inherited)",
				);
				GCC_WARN_64_TO_32_BIT_CONVERSION = YES;
				GCC_WARN_ABOUT_RETURN_TYPE = YES_ERROR;
				GCC_WARN_UNDECLARED_SELECTOR = YES;
				GCC_WARN_UNINITIALIZED_AUTOS = YES_AGGRESSIVE;
				GCC_WARN_UNUSED_FUNCTION = YES;
				GCC_WARN_UNUSED_VARIABLE = YES;
				IPHONEOS_DEPLOYMENT_TARGET = 14.5;
				MTL_ENABLE_DEBUG_INFO = INCLUDE_SOURCE;
				MTL_FAST_MATH = YES;
				ONLY_ACTIVE_ARCH = YES;
				SDKROOT = iphoneos;
			};
			name = Debug;
		};
		5151E89526826C8C001290EB /* Release */ = {
			isa = XCBuildConfiguration;
			buildSettings = {
				ALWAYS_SEARCH_USER_PATHS = NO;
				CLANG_ANALYZER_NONNULL = YES;
				CLANG_ANALYZER_NUMBER_OBJECT_CONVERSION = YES_AGGRESSIVE;
				CLANG_CXX_LANGUAGE_STANDARD = "gnu++14";
				CLANG_CXX_LIBRARY = "libc++";
				CLANG_ENABLE_MODULES = YES;
				CLANG_ENABLE_OBJC_ARC = YES;
				CLANG_ENABLE_OBJC_WEAK = YES;
				CLANG_WARN_BLOCK_CAPTURE_AUTORELEASING = YES;
				CLANG_WARN_BOOL_CONVERSION = YES;
				CLANG_WARN_COMMA = YES;
				CLANG_WARN_CONSTANT_CONVERSION = YES;
				CLANG_WARN_DEPRECATED_OBJC_IMPLEMENTATIONS = YES;
				CLANG_WARN_DIRECT_OBJC_ISA_USAGE = YES_ERROR;
				CLANG_WARN_DOCUMENTATION_COMMENTS = YES;
				CLANG_WARN_EMPTY_BODY = YES;
				CLANG_WARN_ENUM_CONVERSION = YES;
				CLANG_WARN_INFINITE_RECURSION = YES;
				CLANG_WARN_INT_CONVERSION = YES;
				CLANG_WARN_NON_LITERAL_NULL_CONVERSION = YES;
				CLANG_WARN_OBJC_IMPLICIT_RETAIN_SELF = YES;
				CLANG_WARN_OBJC_LITERAL_CONVERSION = YES;
				CLANG_WARN_OBJC_ROOT_CLASS = YES_ERROR;
				CLANG_WARN_QUOTED_INCLUDE_IN_FRAMEWORK_HEADER = YES;
				CLANG_WARN_RANGE_LOOP_ANALYSIS = YES;
				CLANG_WARN_STRICT_PROTOTYPES = YES;
				CLANG_WARN_SUSPICIOUS_MOVE = YES;
				CLANG_WARN_UNGUARDED_AVAILABILITY = YES_AGGRESSIVE;
				CLANG_WARN_UNREACHABLE_CODE = YES;
				CLANG_WARN__DUPLICATE_METHOD_MATCH = YES;
				COPY_PHASE_STRIP = NO;
				DEBUG_INFORMATION_FORMAT = "dwarf-with-dsym";
				ENABLE_NS_ASSERTIONS = NO;
				ENABLE_STRICT_OBJC_MSGSEND = YES;
				GCC_C_LANGUAGE_STANDARD = gnu11;
				GCC_NO_COMMON_BLOCKS = YES;
				GCC_WARN_64_TO_32_BIT_CONVERSION = YES;
				GCC_WARN_ABOUT_RETURN_TYPE = YES_ERROR;
				GCC_WARN_UNDECLARED_SELECTOR = YES;
				GCC_WARN_UNINITIALIZED_AUTOS = YES_AGGRESSIVE;
				GCC_WARN_UNUSED_FUNCTION = YES;
				GCC_WARN_UNUSED_VARIABLE = YES;
				IPHONEOS_DEPLOYMENT_TARGET = 14.5;
				MTL_ENABLE_DEBUG_INFO = NO;
				MTL_FAST_MATH = YES;
				SDKROOT = iphoneos;
				VALIDATE_PRODUCT = YES;
			};
			name = Release;
		};
		5151E89726826C8C001290EB /* Debug */ = {
			isa = XCBuildConfiguration;
			buildSettings = {
				ASSETCATALOG_COMPILER_APPICON_NAME = AppIcon;
				ASSETCATALOG_COMPILER_GLOBAL_ACCENT_COLOR_NAME = AccentColor;
				CODE_SIGN_STYLE = Automatic;
				DEVELOPMENT_TEAM = MYK873B4V2;
				INFOPLIST_FILE = Tippy/Info.plist;
				LD_RUNPATH_SEARCH_PATHS = (
					"$(inherited)",
					"@executable_path/Frameworks",
				);
				PRODUCT_BUNDLE_IDENTIFIER = com.comcast.Tippy;
				PRODUCT_NAME = "$(TARGET_NAME)";
				TARGETED_DEVICE_FAMILY = "1,2";
			};
			name = Debug;
		};
		5151E89826826C8C001290EB /* Release */ = {
			isa = XCBuildConfiguration;
			buildSettings = {
				ASSETCATALOG_COMPILER_APPICON_NAME = AppIcon;
				ASSETCATALOG_COMPILER_GLOBAL_ACCENT_COLOR_NAME = AccentColor;
				CODE_SIGN_STYLE = Automatic;
				DEVELOPMENT_TEAM = MYK873B4V2;
				INFOPLIST_FILE = Tippy/Info.plist;
				LD_RUNPATH_SEARCH_PATHS = (
					"$(inherited)",
					"@executable_path/Frameworks",
				);
				PRODUCT_BUNDLE_IDENTIFIER = com.comcast.Tippy;
				PRODUCT_NAME = "$(TARGET_NAME)";
				TARGETED_DEVICE_FAMILY = "1,2";
			};
			name = Release;
		};
		5151E89A26826C8C001290EB /* Debug */ = {
			isa = XCBuildConfiguration;
			buildSettings = {
				BUNDLE_LOADER = "$(TEST_HOST)";
				CODE_SIGN_STYLE = Automatic;
				DEVELOPMENT_TEAM = MYK873B4V2;
				INFOPLIST_FILE = TippyTests/Info.plist;
				IPHONEOS_DEPLOYMENT_TARGET = 14.5;
				LD_RUNPATH_SEARCH_PATHS = (
					"$(inherited)",
					"@executable_path/Frameworks",
					"@loader_path/Frameworks",
				);
				PRODUCT_BUNDLE_IDENTIFIER = com.comcast.TippyTests;
				PRODUCT_NAME = "$(TARGET_NAME)";
				TARGETED_DEVICE_FAMILY = "1,2";
				TEST_HOST = "$(BUILT_PRODUCTS_DIR)/Tippy.app/Tippy";
			};
			name = Debug;
		};
		5151E89B26826C8C001290EB /* Release */ = {
			isa = XCBuildConfiguration;
			buildSettings = {
				BUNDLE_LOADER = "$(TEST_HOST)";
				CODE_SIGN_STYLE = Automatic;
				DEVELOPMENT_TEAM = MYK873B4V2;
				INFOPLIST_FILE = TippyTests/Info.plist;
				IPHONEOS_DEPLOYMENT_TARGET = 14.5;
				LD_RUNPATH_SEARCH_PATHS = (
					"$(inherited)",
					"@executable_path/Frameworks",
					"@loader_path/Frameworks",
				);
				PRODUCT_BUNDLE_IDENTIFIER = com.comcast.TippyTests;
				PRODUCT_NAME = "$(TARGET_NAME)";
				TARGETED_DEVICE_FAMILY = "1,2";
				TEST_HOST = "$(BUILT_PRODUCTS_DIR)/Tippy.app/Tippy";
			};
			name = Release;
		};
		5151E89D26826C8C001290EB /* Debug */ = {
			isa = XCBuildConfiguration;
			buildSettings = {
				CODE_SIGN_STYLE = Automatic;
				DEVELOPMENT_TEAM = MYK873B4V2;
				INFOPLIST_FILE = TippyUITests/Info.plist;
				LD_RUNPATH_SEARCH_PATHS = (
					"$(inherited)",
					"@executable_path/Frameworks",
					"@loader_path/Frameworks",
				);
				PRODUCT_BUNDLE_IDENTIFIER = com.comcast.TippyUITests;
				PRODUCT_NAME = "$(TARGET_NAME)";
				TARGETED_DEVICE_FAMILY = "1,2";
				TEST_TARGET_NAME = Tippy;
			};
			name = Debug;
		};
		5151E89E26826C8C001290EB /* Release */ = {
			isa = XCBuildConfiguration;
			buildSettings = {
				CODE_SIGN_STYLE = Automatic;
				DEVELOPMENT_TEAM = MYK873B4V2;
				INFOPLIST_FILE = TippyUITests/Info.plist;
				LD_RUNPATH_SEARCH_PATHS = (
					"$(inherited)",
					"@executable_path/Frameworks",
					"@loader_path/Frameworks",
				);
				PRODUCT_BUNDLE_IDENTIFIER = com.comcast.TippyUITests;
				PRODUCT_NAME = "$(TARGET_NAME)";
				TARGETED_DEVICE_FAMILY = "1,2";
				TEST_TARGET_NAME = Tippy;
			};
			name = Release;
		};
/* End XCBuildConfiguration section */

/* Begin XCConfigurationList section */
		5151E86226826C8A001290EB /* Build configuration list for PBXProject "Tippy" */ = {
			isa = XCConfigurationList;
			buildConfigurations = (
				5151E89426826C8C001290EB /* Debug */,
				5151E89526826C8C001290EB /* Release */,
			);
			defaultConfigurationIsVisible = 0;
			defaultConfigurationName = Release;
		};
		5151E89626826C8C001290EB /* Build configuration list for PBXNativeTarget "Tippy" */ = {
			isa = XCConfigurationList;
			buildConfigurations = (
				5151E89726826C8C001290EB /* Debug */,
				5151E89826826C8C001290EB /* Release */,
			);
			defaultConfigurationIsVisible = 0;
			defaultConfigurationName = Release;
		};
		5151E89926826C8C001290EB /* Build configuration list for PBXNativeTarget "TippyTests" */ = {
			isa = XCConfigurationList;
			buildConfigurations = (
				5151E89A26826C8C001290EB /* Debug */,
				5151E89B26826C8C001290EB /* Release */,
			);
			defaultConfigurationIsVisible = 0;
			defaultConfigurationName = Release;
		};
		5151E89C26826C8C001290EB /* Build configuration list for PBXNativeTarget "TippyUITests" */ = {
			isa = XCConfigurationList;
			buildConfigurations = (
				5151E89D26826C8C001290EB /* Debug */,
				5151E89E26826C8C001290EB /* Release */,
			);
			defaultConfigurationIsVisible = 0;
			defaultConfigurationName = Release;
		};
/* End XCConfigurationList section */
	};
	rootObject = 5151E85F26826C8A001290EB /* Project object */;
}
